
Microsoft Visual Studio Solution File, Format Version 12.00
# Visual Studio 14
VisualStudioVersion = 14.0.25420.1
MinimumVisualStudioVersion = 10.0.40219.1
Project("{FAE04EC0-301F-11D3-BF4B-00C04F79EFBC}") = "App.UI", "App.UI\App.UI.csproj", "{4F5EF5B7-CDA9-44EF-A51B-70C82D2D4406}"
EndProject
Project("{FAE04EC0-301F-11D3-BF4B-00C04F79EFBC}") = "App.API", "App.API\App.API.csproj", "{7E31638D-C4F0-4F8B-AB93-68AFB379EC61}"
EndProject
Global
	GlobalSection(SolutionConfigurationPlatforms) = preSolution
		Debug|Any CPU = Debug|Any CPU
		Release|Any CPU = Release|Any CPU
	EndGlobalSection
	GlobalSection(ProjectConfigurationPlatforms) = postSolution
		{4F5EF5B7-CDA9-44EF-A51B-70C82D2D4406}.Debug|Any CPU.ActiveCfg = Debug|Any CPU
		{4F5EF5B7-CDA9-44EF-A51B-70C82D2D4406}.Debug|Any CPU.Build.0 = Debug|Any CPU
		{4F5EF5B7-CDA9-44EF-A51B-70C82D2D4406}.Release|Any CPU.ActiveCfg = Release|Any CPU
		{4F5EF5B7-CDA9-44EF-A51B-70C82D2D4406}.Release|Any CPU.Build.0 = Release|Any CPU
		{7E31638D-C4F0-4F8B-AB93-68AFB379EC61}.Debug|Any CPU.ActiveCfg = Debug|Any CPU
		{7E31638D-C4F0-4F8B-AB93-68AFB379EC61}.Debug|Any CPU.Build.0 = Debug|Any CPU
		{7E31638D-C4F0-4F8B-AB93-68AFB379EC61}.Release|Any CPU.ActiveCfg = Release|Any CPU
		{7E31638D-C4F0-4F8B-AB93-68AFB379EC61}.Release|Any CPU.Build.0 = Release|Any CPU
	EndGlobalSection
	GlobalSection(SolutionProperties) = preSolution
		HideSolutionNode = FALSE
	EndGlobalSection
EndGlobal
